
Microsoft Visual Studio Solution File, Format Version 12.00
# Visual Studio Version 17
VisualStudioVersion = 17.10.34916.146
MinimumVisualStudioVersion = 10.0.40219.1
Project("{FAE04EC0-301F-11D3-BF4B-00C04F79EFBC}") = "Petrol_Otomasyon", "Petrol_Otomasyon\Petrol_Otomasyon.csproj", "{F7D0AD5C-B0D0-400C-925A-AA2AA1892380}"
EndProject
Global
	GlobalSection(SolutionConfigurationPlatforms) = preSolution
		Debug|Any CPU = Debug|Any CPU
		Release|Any CPU = Release|Any CPU
	EndGlobalSection
	GlobalSection(ProjectConfigurationPlatforms) = postSolution
		{F7D0AD5C-B0D0-400C-925A-AA2AA1892380}.Debug|Any CPU.ActiveCfg = Debug|Any CPU
		{F7D0AD5C-B0D0-400C-925A-AA2AA1892380}.Debug|Any CPU.Build.0 = Debug|Any CPU
		{F7D0AD5C-B0D0-400C-925A-AA2AA1892380}.Release|Any CPU.ActiveCfg = Release|Any CPU
		{F7D0AD5C-B0D0-400C-925A-AA2AA1892380}.Release|Any CPU.Build.0 = Release|Any CPU
	EndGlobalSection
	GlobalSection(SolutionProperties) = preSolution
		HideSolutionNode = FALSE
	EndGlobalSection
	GlobalSection(ExtensibilityGlobals) = postSolution
		SolutionGuid = {5FAFA0EE-7E95-48CC-980A-10BCE83CC137}
	EndGlobalSection
EndGlobal
